
Microsoft Visual Studio Solution File, Format Version 12.00
# Visual Studio Version 16
VisualStudioVersion = 16.0.31410.357
MinimumVisualStudioVersion = 10.0.40219.1
Project("{FAE04EC0-301F-11D3-BF4B-00C04F79EFBC}") = "ChartToolCSEdition", "ChartToolCSEdition.csproj", "{65CCF8E6-6204-46B8-8B3D-725A70774674}"
EndProject
Global
	GlobalSection(SolutionConfigurationPlatforms) = preSolution
		Debug|Any CPU = Debug|Any CPU
		Release|Any CPU = Release|Any CPU
	EndGlobalSection
	GlobalSection(ProjectConfigurationPlatforms) = postSolution
		{65CCF8E6-6204-46B8-8B3D-725A70774674}.Debug|Any CPU.ActiveCfg = Debug|Any CPU
		{65CCF8E6-6204-46B8-8B3D-725A70774674}.Debug|Any CPU.Build.0 = Debug|Any CPU
		{65CCF8E6-6204-46B8-8B3D-725A70774674}.Release|Any CPU.ActiveCfg = Release|Any CPU
		{65CCF8E6-6204-46B8-8B3D-725A70774674}.Release|Any CPU.Build.0 = Release|Any CPU
	EndGlobalSection
	GlobalSection(SolutionProperties) = preSolution
		HideSolutionNode = FALSE
	EndGlobalSection
	GlobalSection(ExtensibilityGlobals) = postSolution
		SolutionGuid = {6EAC0A88-80F3-4F85-A21B-20493F07D9FC}
	EndGlobalSection
EndGlobal
